
Microsoft Visual Studio Solution File, Format Version 12.00
# Visual Studio Version 17
VisualStudioVersion = 17.0.31903.59
MinimumVisualStudioVersion = 10.0.40219.1
Project("{2150E333-8FDC-42A3-9474-1A3956D46DE8}") = "src", "src", "{02EA681E-C7D8-13C7-8484-4AC65E1B71E8}"
EndProject
Project("{FAE04EC0-301F-11D3-BF4B-00C04F79EFBC}") = "Result", "src\Result\Result.csproj", "{1CCB48C1-F5E1-D754-72EF-BF26D2A71EEE}"
EndProject
Project("{2150E333-8FDC-42A3-9474-1A3956D46DE8}") = "Solution Items", "Solution Items", "{8EC462FD-D22E-90A8-E5CE-7E832BA40C5D}"
	ProjectSection(SolutionItems) = preProject
		Directory.Build.props = Directory.Build.props
		README.md = README.md
	EndProjectSection
EndProject
Project("{2150E333-8FDC-42A3-9474-1A3956D46DE8}") = "tests", "tests", "{A0BE5F52-019A-4CD0-BC92-E421A80C188A}"
EndProject
Project("{FAE04EC0-301F-11D3-BF4B-00C04F79EFBC}") = "UnitTests", "tests\UnitTests\UnitTests.csproj", "{9D1DD2CD-7B04-4472-4377-027563F356CA}"
EndProject
Global
	GlobalSection(SolutionConfigurationPlatforms) = preSolution
		Debug|Any CPU = Debug|Any CPU
		Release|Any CPU = Release|Any CPU
	EndGlobalSection
	GlobalSection(ProjectConfigurationPlatforms) = postSolution
		{1CCB48C1-F5E1-D754-72EF-BF26D2A71EEE}.Debug|Any CPU.ActiveCfg = Debug|Any CPU
		{1CCB48C1-F5E1-D754-72EF-BF26D2A71EEE}.Debug|Any CPU.Build.0 = Debug|Any CPU
		{1CCB48C1-F5E1-D754-72EF-BF26D2A71EEE}.Release|Any CPU.ActiveCfg = Release|Any CPU
		{1CCB48C1-F5E1-D754-72EF-BF26D2A71EEE}.Release|Any CPU.Build.0 = Release|Any CPU
		{9D1DD2CD-7B04-4472-4377-027563F356CA}.Debug|Any CPU.ActiveCfg = Debug|Any CPU
		{9D1DD2CD-7B04-4472-4377-027563F356CA}.Debug|Any CPU.Build.0 = Debug|Any CPU
		{9D1DD2CD-7B04-4472-4377-027563F356CA}.Release|Any CPU.ActiveCfg = Release|Any CPU
		{9D1DD2CD-7B04-4472-4377-027563F356CA}.Release|Any CPU.Build.0 = Release|Any CPU
	EndGlobalSection
	GlobalSection(SolutionProperties) = preSolution
		HideSolutionNode = FALSE
	EndGlobalSection
	GlobalSection(NestedProjects) = preSolution
		{1CCB48C1-F5E1-D754-72EF-BF26D2A71EEE} = {02EA681E-C7D8-13C7-8484-4AC65E1B71E8}
		{9D1DD2CD-7B04-4472-4377-027563F356CA} = {A0BE5F52-019A-4CD0-BC92-E421A80C188A}
	EndGlobalSection
	GlobalSection(ExtensibilityGlobals) = postSolution
		SolutionGuid = {08E97A65-CBF9-40FE-84DA-FCD92D091696}
	EndGlobalSection
EndGlobal
